{
  "name": "cdkdemo",
  "version": "0.1.0",
  "lockfileVersion": 1,
  "requires": true,
  "dependencies": {
    "@aws-amplify/analytics": {
      "version": "1.3.4",
      "resolved": "https://registry.npmjs.org/@aws-amplify/analytics/-/analytics-1.3.4.tgz",
      "integrity": "sha512-ZRDAuoeHckMBHMjCHo3Agnw3TRuKCy8MPI2UPavKLjr1iPG37NuxGSBEnwQC8NW+lmzIEpmYurON+pEdqP+iiQ==",
      "dev": true,
      "requires": {
        "@aws-amplify/cache": "^1.1.4",
        "@aws-amplify/core": "^1.2.4",
        "uuid": "^3.2.1"
      }
    },
    "@aws-amplify/api": {
      "version": "1.2.4",
      "resolved": "https://registry.npmjs.org/@aws-amplify/api/-/api-1.2.4.tgz",
      "integrity": "sha512-dyrTz4KaQek1O0Uh/Jf5QBoM72UN8RcOQG/x6FwMyTBuadArqAgUO8UOydSfkjOHxHPGNjn+Bl0tiW6GsapxJg==",
      "dev": true,
      "requires": {
        "@aws-amplify/auth": "^1.5.0",
        "@aws-amplify/cache": "^1.1.4",
        "@aws-amplify/core": "^1.2.4",
        "@types/zen-observable": "^0.5.3",
        "axios": "^0.19.0",
        "graphql": "14.0.0",
        "uuid": "^3.2.1",
        "zen-observable": "^0.8.6"
      }
    },
    "@aws-amplify/auth": {
      "version": "1.5.0",
      "resolved": "https://registry.npmjs.org/@aws-amplify/auth/-/auth-1.5.0.tgz",
      "integrity": "sha512-dTk+5a0sTtWHGMbx575QHOFV6fBnDH/PPZinIObdWXA36rPDhxITYzy6ZvfCrOPUMcXEcEFDuqWP3u3kq5tjZA==",
      "dev": true,
      "requires": {
        "@aws-amplify/cache": "^1.1.4",
        "@aws-amplify/core": "^1.2.4",
        "amazon-cognito-identity-js": "^3.2.0",
        "crypto-js": "^3.1.9-1"
      }
    },
    "@aws-amplify/cache": {
      "version": "1.1.4",
      "resolved": "https://registry.npmjs.org/@aws-amplify/cache/-/cache-1.1.4.tgz",
      "integrity": "sha512-3wlRgY2JEkonwjk0Z8kNmZ0DkfbNxaLkKIMN1s6IXVuTUOrhA89ZeuHcqHRbm7oB1Z0h24wY+B6Ip962y7u77A==",
      "dev": true,
      "requires": {
        "@aws-amplify/core": "^1.2.4"
      }
    },
    "@aws-amplify/core": {
      "version": "1.2.4",
      "resolved": "https://registry.npmjs.org/@aws-amplify/core/-/core-1.2.4.tgz",
      "integrity": "sha512-IMtcA/VREJRnS1GDyuX2yvmdi5wcukBWkwIc3Sm9yHegMz5cwi5wb5vl2xxzQabIbSCeNofcoY0qZ3ocn4JNsg==",
      "dev": true,
      "requires": {
        "aws-sdk": "2.518.0",
        "url": "^0.11.0"
      },
      "dependencies": {
        "aws-sdk": {
          "version": "2.518.0",
          "resolved": "https://registry.npmjs.org/aws-sdk/-/aws-sdk-2.518.0.tgz",
          "integrity": "sha512-hwtKKf93TFyd3qugDW54ElpkUXhPe+ArPIHadre6IAFjCJiv08L8DaZKLRyclDnKfTavKe+f/PhdSEYo1QUHiA==",
          "dev": true,
          "requires": {
            "buffer": "4.9.1",
            "events": "1.1.1",
            "ieee754": "1.1.8",
            "jmespath": "0.15.0",
            "querystring": "0.2.0",
            "sax": "1.2.1",
            "url": "0.10.3",
            "uuid": "3.3.2",
            "xml2js": "0.4.19"
          },
          "dependencies": {
            "url": {
              "version": "0.10.3",
              "resolved": "https://registry.npmjs.org/url/-/url-0.10.3.tgz",
              "integrity": "sha1-Ah5NnHcF8hu/N9A861h2dAJ3TGQ=",
              "dev": true,
              "requires": {
                "punycode": "1.3.2",
                "querystring": "0.2.0"
              }
            }
          }
        },
        "buffer": {
          "version": "4.9.1",
          "resolved": "https://registry.npmjs.org/buffer/-/buffer-4.9.1.tgz",
          "integrity": "sha1-bRu2AbB6TvztlwlBMgkwJ8lbwpg=",
          "dev": true,
          "requires": {
            "base64-js": "^1.0.2",
            "ieee754": "^1.1.4",
            "isarray": "^1.0.0"
          }
        },
        "ieee754": {
          "version": "1.1.8",
          "resolved": "https://registry.npmjs.org/ieee754/-/ieee754-1.1.8.tgz",
          "integrity": "sha1-vjPUCsEO8ZJnAfbwii2G+/0a0+Q=",
          "dev": true
        },
        "punycode": {
          "version": "1.3.2",
          "resolved": "https://registry.npmjs.org/punycode/-/punycode-1.3.2.tgz",
          "integrity": "sha1-llOgNvt8HuQjQvIyXM7v6jkmxI0=",
          "dev": true
        },
        "url": {
          "version": "0.11.0",
          "resolved": "https://registry.npmjs.org/url/-/url-0.11.0.tgz",
          "integrity": "sha1-ODjpfPxgUh63PFJajlW/3Z4uKPE=",
          "dev": true,
          "requires": {
            "punycode": "1.3.2",
            "querystring": "0.2.0"
          }
        }
      }
    },
    "@aws-amplify/interactions": {
      "version": "1.1.4",
      "resolved": "https://registry.npmjs.org/@aws-amplify/interactions/-/interactions-1.1.4.tgz",
      "integrity": "sha512-+f1lVg4expqEjEhfsCU2hW+6ffoyrJ08Q5Ih8QXpLCNlKMqzBgrvpa6jvzRGBghEkpE/T4bZkXcezNQ1cbIi1g==",
      "dev": true,
      "requires": {
        "@aws-amplify/core": "^1.2.4"
      }
    },
    "@aws-amplify/predictions": {
      "version": "1.1.4",
      "resolved": "https://registry.npmjs.org/@aws-amplify/predictions/-/predictions-1.1.4.tgz",
      "integrity": "sha512-XlKki9OQMBUiFrtyDa+PPcMzJaEk3kqosFpb2foW0AcSBzZyAJOrwMxGptUOpAhGQ5tdDSm4UUebtauUiHEI1w==",
      "dev": true,
      "requires": {
        "@aws-amplify/core": "^1.2.4",
        "@aws-amplify/storage": "^1.2.4",
        "@aws-sdk/eventstream-marshaller": "0.1.0-preview.2",
        "@aws-sdk/util-utf8-node": "0.1.0-preview.1",
        "uuid": "^3.2.1"
      }
    },
    "@aws-amplify/pubsub": {
      "version": "1.2.4",
      "resolved": "https://registry.npmjs.org/@aws-amplify/pubsub/-/pubsub-1.2.4.tgz",
      "integrity": "sha512-oNi6grUNo6p1FdI8jO6Q/nSoTpyqcauMf23MUkyd00bFyegpmShN7+0NhmnJrs8O5uOXyG0AfObnLBIJFQumVg==",
      "dev": true,
      "requires": {
        "@aws-amplify/core": "^1.2.4",
        "@types/zen-observable": "^0.5.3",
        "paho-mqtt": "^1.1.0",
        "uuid": "^3.2.1",
        "zen-observable": "^0.8.6"
      }
    },
    "@aws-amplify/storage": {
      "version": "1.2.4",
      "resolved": "https://registry.npmjs.org/@aws-amplify/storage/-/storage-1.2.4.tgz",
      "integrity": "sha512-izTORVRX3Y8Zv91YAsxDsiJS5U6801uoJki32f2LL5/DC5Bl1QgEdsJyOc8gtBI5KspfdgP3oYUKNBMxhsdOcA==",
      "dev": true,
      "requires": {
        "@aws-amplify/core": "^1.2.4"
      }
    },
    "@aws-amplify/ui": {
      "version": "1.1.3",
      "resolved": "https://registry.npmjs.org/@aws-amplify/ui/-/ui-1.1.3.tgz",
      "integrity": "sha512-XSGsCTJKgrwRTYUjnGIkVhy+pEZ8DiNCxelJyj0mkst7PStqZG+TkaixA/OSFHscRRxTsO2CXFgVGFcgKWLAVA==",
      "dev": true
    },
    "@aws-amplify/xr": {
      "version": "0.2.4",
      "resolved": "https://registry.npmjs.org/@aws-amplify/xr/-/xr-0.2.4.tgz",
      "integrity": "sha512-Wj9YOoA/02yCY73rKyPsHn0jkV4GkquWZUz+lYx+pOVXdmDNuFjjcfbaC0ow42VenrECAYKA74I9D9gL2dcY+g==",
      "dev": true,
      "requires": {
        "@aws-amplify/core": "^1.2.4"
      }
    },
    "@aws-cdk/assets": {
      "version": "1.15.0",
      "resolved": "https://registry.npmjs.org/@aws-cdk/assets/-/assets-1.15.0.tgz",
      "integrity": "sha512-zQGaQxlIt+ddWIxeLRFhInC3XiJ73jv84uLXp5R7X3+86q6LZzw9BeFjMTwigt/5UFYMprt3JvVP71fJ3tmEbA==",
      "requires": {
        "@aws-cdk/core": "1.15.0",
        "@aws-cdk/cx-api": "1.15.0",
        "minimatch": "^3.0.4"
      },
      "dependencies": {
        "balanced-match": {
          "version": "1.0.0",
          "bundled": true
        },
        "brace-expansion": {
          "version": "1.1.11",
          "bundled": true,
          "requires": {
            "balanced-match": "^1.0.0",
            "concat-map": "0.0.1"
          }
        },
        "concat-map": {
          "version": "0.0.1",
          "bundled": true
        },
        "minimatch": {
          "version": "3.0.4",
          "bundled": true,
          "requires": {
            "brace-expansion": "^1.1.7"
          }
        }
      }
    },
    "@aws-cdk/aws-apigateway": {
      "version": "1.15.0",
      "resolved": "https://registry.npmjs.org/@aws-cdk/aws-apigateway/-/aws-apigateway-1.15.0.tgz",
      "integrity": "sha512-KP88hEHYwnQ8inI6Nr8j4yv8PHXl5K1B50bZHF69ESaLhRd57T7OelSKSLZOQPMEZgmgT9blaqKAO1/47jABpQ==",
      "requires": {
        "@aws-cdk/aws-certificatemanager": "1.15.0",
        "@aws-cdk/aws-elasticloadbalancingv2": "1.15.0",
        "@aws-cdk/aws-iam": "1.15.0",
        "@aws-cdk/aws-lambda": "1.15.0",
        "@aws-cdk/core": "1.15.0"
      }
    },
    "@aws-cdk/aws-applicationautoscaling": {
      "version": "1.15.0",
      "resolved": "https://registry.npmjs.org/@aws-cdk/aws-applicationautoscaling/-/aws-applicationautoscaling-1.15.0.tgz",
      "integrity": "sha512-4fs0CN+4RDBxRe9wEoaYTUanHo4Zck8NoWhC35cDsaajh5FFzbplA10hfyhLUA6Tr/827KcTF/JHPerxpved4A==",
      "requires": {
        "@aws-cdk/aws-autoscaling-common": "1.15.0",
        "@aws-cdk/aws-cloudwatch": "1.15.0",
        "@aws-cdk/aws-iam": "1.15.0",
        "@aws-cdk/core": "1.15.0"
      }
    },
    "@aws-cdk/aws-autoscaling-common": {
      "version": "1.15.0",
      "resolved": "https://registry.npmjs.org/@aws-cdk/aws-autoscaling-common/-/aws-autoscaling-common-1.15.0.tgz",
      "integrity": "sha512-jN24sqqFBCibf+NlA69iE1+WdpXyHByKwqWKAVG4d31Bk5VvUSbKUlhXTknKo3wrxH0igttatWP7U0UpzMzKaA==",
      "requires": {
        "@aws-cdk/aws-iam": "1.15.0",
        "@aws-cdk/core": "1.15.0"
      }
    },
    "@aws-cdk/aws-certificatemanager": {
      "version": "1.15.0",
      "resolved": "https://registry.npmjs.org/@aws-cdk/aws-certificatemanager/-/aws-certificatemanager-1.15.0.tgz",
      "integrity": "sha512-gF+8MnwnyMEczsBfqibSLPu3ab9aukThI1CZ3zbPrDqjjyMbWKuRrpjDOev4wdqDPSs0ujk/Kw1rKB1Z+zrUkA==",
      "requires": {
        "@aws-cdk/aws-cloudformation": "1.15.0",
        "@aws-cdk/aws-iam": "1.15.0",
        "@aws-cdk/aws-lambda": "1.15.0",
        "@aws-cdk/aws-route53": "1.15.0",
        "@aws-cdk/core": "1.15.0"
      }
    },
    "@aws-cdk/aws-cloudformation": {
      "version": "1.15.0",
      "resolved": "https://registry.npmjs.org/@aws-cdk/aws-cloudformation/-/aws-cloudformation-1.15.0.tgz",
      "integrity": "sha512-GOGQleKJ1Iw5LIqLlAY2Hq2zhKJj3De+exVztXHg++74euxegV7GwGkJS/xuWzbM0ditVbGXdDC664MFAXrWzw==",
      "requires": {
        "@aws-cdk/aws-iam": "1.15.0",
        "@aws-cdk/aws-lambda": "1.15.0",
        "@aws-cdk/aws-s3": "1.15.0",
        "@aws-cdk/aws-sns": "1.15.0",
        "@aws-cdk/core": "1.15.0",
        "@aws-cdk/cx-api": "1.15.0"
      }
    },
    "@aws-cdk/aws-cloudfront": {
      "version": "1.15.0",
      "resolved": "https://registry.npmjs.org/@aws-cdk/aws-cloudfront/-/aws-cloudfront-1.15.0.tgz",
      "integrity": "sha512-jAtrBBdZ0eUq735XyAR77cafWHEnrJFbWE68OM0BQH4L9dQn3alX5Wu92Zsk9fW2TNiu3OSKZNr1RQpWQSV7fg==",
      "requires": {
        "@aws-cdk/aws-certificatemanager": "1.15.0",
        "@aws-cdk/aws-iam": "1.15.0",
        "@aws-cdk/aws-kms": "1.15.0",
        "@aws-cdk/aws-lambda": "1.15.0",
        "@aws-cdk/aws-s3": "1.15.0",
        "@aws-cdk/core": "1.15.0"
      }
    },
    "@aws-cdk/aws-cloudwatch": {
      "version": "1.15.0",
      "resolved": "https://registry.npmjs.org/@aws-cdk/aws-cloudwatch/-/aws-cloudwatch-1.15.0.tgz",
      "integrity": "sha512-bYGCVP6479dnUOOJxxDzVzc6uzyNIHxsbF8zormEJeP0oLS/IF8+cReOM9nPhBdeAsAYgKkusRY+dRleC+tEbw==",
      "requires": {
        "@aws-cdk/aws-iam": "1.15.0",
        "@aws-cdk/core": "1.15.0"
      }
    },
    "@aws-cdk/aws-dynamodb": {
      "version": "1.15.0",
      "resolved": "https://registry.npmjs.org/@aws-cdk/aws-dynamodb/-/aws-dynamodb-1.15.0.tgz",
      "integrity": "sha512-8BpQpKUFhjRJknvB5/MwnKn68ZYhuc6kf70/BXAtNmjUtS747yk3n5ORxMak7tIQvqUlWMCn+vXRCcruczj3hA==",
      "requires": {
        "@aws-cdk/aws-applicationautoscaling": "1.15.0",
        "@aws-cdk/aws-iam": "1.15.0",
        "@aws-cdk/core": "1.15.0"
      }
    },
    "@aws-cdk/aws-ec2": {
      "version": "1.15.0",
      "resolved": "https://registry.npmjs.org/@aws-cdk/aws-ec2/-/aws-ec2-1.15.0.tgz",
      "integrity": "sha512-o729HqLXtVA/mUUg/76q2HaBG4AczGSZMZO+x/ksSO1UnJLmWpdbNjCScaId/R6ip8YX7Gy969PytP8xIOayPA==",
      "requires": {
        "@aws-cdk/aws-cloudwatch": "1.15.0",
        "@aws-cdk/aws-iam": "1.15.0",
        "@aws-cdk/aws-ssm": "1.15.0",
        "@aws-cdk/core": "1.15.0",
        "@aws-cdk/cx-api": "1.15.0"
      }
    },
    "@aws-cdk/aws-elasticloadbalancing": {
      "version": "1.15.0",
      "resolved": "https://registry.npmjs.org/@aws-cdk/aws-elasticloadbalancing/-/aws-elasticloadbalancing-1.15.0.tgz",
      "integrity": "sha512-oH1NHCaKlsChrwF6jJ0YJ8gax47dSvMe/gpiuR/NiW9pdrAECjlgsGSmqiDS7FiBLLRmZoKIhJpa/ajfdl1B9A==",
      "requires": {
        "@aws-cdk/aws-ec2": "1.15.0",
        "@aws-cdk/core": "1.15.0"
      }
    },
    "@aws-cdk/aws-elasticloadbalancingv2": {
      "version": "1.15.0",
      "resolved": "https://registry.npmjs.org/@aws-cdk/aws-elasticloadbalancingv2/-/aws-elasticloadbalancingv2-1.15.0.tgz",
      "integrity": "sha512-MakvmnhVDZS0rlCOvbWZ6CyfEySVVQbquy9rv4/p/ywEdTQ8RQWTJQ7hynplFt6Kbi4J3oz91iC4eUgSMERWtw==",
      "requires": {
        "@aws-cdk/aws-certificatemanager": "1.15.0",
        "@aws-cdk/aws-cloudwatch": "1.15.0",
        "@aws-cdk/aws-ec2": "1.15.0",
        "@aws-cdk/aws-iam": "1.15.0",
        "@aws-cdk/aws-lambda": "1.15.0",
        "@aws-cdk/aws-s3": "1.15.0",
        "@aws-cdk/core": "1.15.0"
      }
    },
    "@aws-cdk/aws-events": {
      "version": "1.15.0",
      "resolved": "https://registry.npmjs.org/@aws-cdk/aws-events/-/aws-events-1.15.0.tgz",
      "integrity": "sha512-kkPn4PdgniSMED/1YTimVhAw5KIZfwbHS1CFtxPxAHtHVN8vQ0ewHgVlfZGaP9O96FpWkW+kuyc40Hfz8LES9g==",
      "requires": {
        "@aws-cdk/aws-iam": "1.15.0",
        "@aws-cdk/core": "1.15.0"
      }
    },
    "@aws-cdk/aws-iam": {
      "version": "1.15.0",
      "resolved": "https://registry.npmjs.org/@aws-cdk/aws-iam/-/aws-iam-1.15.0.tgz",
      "integrity": "sha512-zOPMe7G2Fq/vKI4c9ip09L7v0gtVtrfO9i9nBH6l/Nt+K09N08GsavPAPQCgVaYdN6KRhGvEBTwnsBtGw2300A==",
      "requires": {
        "@aws-cdk/core": "1.15.0",
        "@aws-cdk/region-info": "1.15.0"
      }
    },
    "@aws-cdk/aws-kms": {
      "version": "1.15.0",
      "resolved": "https://registry.npmjs.org/@aws-cdk/aws-kms/-/aws-kms-1.15.0.tgz",
      "integrity": "sha512-UOsxCEmUAa9t/Vt2OKmPV7gGyBODpAn/6pYIhBVgL7E8kVXxuL6VqeCVdMPDiAga3a5sR8HQypzLcxg1WOIObw==",
      "requires": {
        "@aws-cdk/aws-iam": "1.15.0",
        "@aws-cdk/core": "1.15.0"
      }
    },
    "@aws-cdk/aws-lambda": {
      "version": "1.15.0",
      "resolved": "https://registry.npmjs.org/@aws-cdk/aws-lambda/-/aws-lambda-1.15.0.tgz",
      "integrity": "sha512-XGMN+6jzB2V4JPi3znmXMmclgMgYibwYU1kxTGXhfbGngCu7TcNGWoEhlZGTu20tWKqUOLaf3XPOzfBrnmc12g==",
      "requires": {
        "@aws-cdk/aws-cloudwatch": "1.15.0",
        "@aws-cdk/aws-ec2": "1.15.0",
        "@aws-cdk/aws-events": "1.15.0",
        "@aws-cdk/aws-iam": "1.15.0",
        "@aws-cdk/aws-logs": "1.15.0",
        "@aws-cdk/aws-s3": "1.15.0",
        "@aws-cdk/aws-s3-assets": "1.15.0",
        "@aws-cdk/aws-sqs": "1.15.0",
        "@aws-cdk/core": "1.15.0",
        "@aws-cdk/cx-api": "1.15.0"
      }
    },
    "@aws-cdk/aws-logs": {
      "version": "1.15.0",
      "resolved": "https://registry.npmjs.org/@aws-cdk/aws-logs/-/aws-logs-1.15.0.tgz",
      "integrity": "sha512-TTTMU+Qo0VHlilaEW0+Vk28HZUx6naSJrzj9yYYLP+HIjBCROpPpNI3N0p/8rYGDCEGmTrv4XBbOjcvV0EDB8Q==",
      "requires": {
        "@aws-cdk/aws-cloudwatch": "1.15.0",
        "@aws-cdk/aws-iam": "1.15.0",
        "@aws-cdk/core": "1.15.0"
      }
    },
    "@aws-cdk/aws-route53": {
      "version": "1.15.0",
      "resolved": "https://registry.npmjs.org/@aws-cdk/aws-route53/-/aws-route53-1.15.0.tgz",
      "integrity": "sha512-dFcIKb28+aT3n5DOGUrwa6gMxKzHWtpUQcK4O7Or1OyxRoHCj6eUDdERT5lv/UZ7zRTL3UnPuC5rOYk0b0Ra1A==",
      "requires": {
        "@aws-cdk/aws-ec2": "1.15.0",
        "@aws-cdk/aws-logs": "1.15.0",
        "@aws-cdk/core": "1.15.0",
        "@aws-cdk/cx-api": "1.15.0"
      }
    },
    "@aws-cdk/aws-route53-targets": {
      "version": "1.15.0",
      "resolved": "https://registry.npmjs.org/@aws-cdk/aws-route53-targets/-/aws-route53-targets-1.15.0.tgz",
      "integrity": "sha512-Lgy3wBps/IZBo6BFaN1a64q/HmwqWRNwiAyxOIeGCsJVdTb4Sk7dKKbhm4WGMT8V9Jb/CUDFOOxedYKqxDjY9Q==",
      "requires": {
        "@aws-cdk/aws-apigateway": "1.15.0",
        "@aws-cdk/aws-cloudfront": "1.15.0",
        "@aws-cdk/aws-elasticloadbalancing": "1.15.0",
        "@aws-cdk/aws-elasticloadbalancingv2": "1.15.0",
        "@aws-cdk/aws-iam": "1.15.0",
        "@aws-cdk/aws-route53": "1.15.0",
        "@aws-cdk/aws-s3": "1.15.0",
        "@aws-cdk/core": "1.15.0",
        "@aws-cdk/region-info": "1.15.0"
      }
    },
    "@aws-cdk/aws-s3": {
      "version": "1.15.0",
      "resolved": "https://registry.npmjs.org/@aws-cdk/aws-s3/-/aws-s3-1.15.0.tgz",
      "integrity": "sha512-4mMdRqJkY8rtcs0J2Y7dCunYFV79f0wZ2rgVlW3qS+mExLgTjoUwysajwwOvzGKG0rBp27DPCCW2f/t7l65FuA==",
      "requires": {
        "@aws-cdk/aws-events": "1.15.0",
        "@aws-cdk/aws-iam": "1.15.0",
        "@aws-cdk/aws-kms": "1.15.0",
        "@aws-cdk/core": "1.15.0"
      }
    },
    "@aws-cdk/aws-s3-assets": {
      "version": "1.15.0",
      "resolved": "https://registry.npmjs.org/@aws-cdk/aws-s3-assets/-/aws-s3-assets-1.15.0.tgz",
      "integrity": "sha512-4Y4egaDXWqzID/jLQaE+udBuTZJpCqvdm9fDJ6yEAzavQkwyO5WiZhQyUXFb2hMcUYUcnDj4D2uDATkVcc52tQ==",
      "requires": {
        "@aws-cdk/assets": "1.15.0",
        "@aws-cdk/aws-iam": "1.15.0",
        "@aws-cdk/aws-s3": "1.15.0",
        "@aws-cdk/core": "1.15.0",
        "@aws-cdk/cx-api": "1.15.0"
      }
    },
    "@aws-cdk/aws-sns": {
      "version": "1.15.0",
      "resolved": "https://registry.npmjs.org/@aws-cdk/aws-sns/-/aws-sns-1.15.0.tgz",
      "integrity": "sha512-9wLLT+zGNmgiii4LvILz6Yvfypg8ozYTdJMPvfonElWJqErz1x6vaSCNNJkWX4hkoLeEmjEscAFbiusqmngjJQ==",
      "requires": {
        "@aws-cdk/aws-cloudwatch": "1.15.0",
        "@aws-cdk/aws-events": "1.15.0",
        "@aws-cdk/aws-iam": "1.15.0",
        "@aws-cdk/core": "1.15.0"
      }
    },
    "@aws-cdk/aws-sqs": {
      "version": "1.15.0",
      "resolved": "https://registry.npmjs.org/@aws-cdk/aws-sqs/-/aws-sqs-1.15.0.tgz",
      "integrity": "sha512-SbUyQgvCSrP/XdeQ7GoUdsoQ+/GvJtpP/fsq7cpiYVRJ6rMgtg3JiwliU8pEJSLqIumffmkuZah+rBKxHlqhxw==",
      "requires": {
        "@aws-cdk/aws-cloudwatch": "1.15.0",
        "@aws-cdk/aws-iam": "1.15.0",
        "@aws-cdk/aws-kms": "1.15.0",
        "@aws-cdk/core": "1.15.0"
      }
    },
    "@aws-cdk/aws-ssm": {
      "version": "1.15.0",
      "resolved": "https://registry.npmjs.org/@aws-cdk/aws-ssm/-/aws-ssm-1.15.0.tgz",
      "integrity": "sha512-SGTT3B43Bh7EJmIg+vXpOOVWaqaoxP6P3bQtg098tM1I+CnKICZd7bTn2NpZkrZBwAuQT27n7/A9kN7qPA/8lw==",
      "requires": {
        "@aws-cdk/aws-iam": "1.15.0",
        "@aws-cdk/aws-kms": "1.15.0",
        "@aws-cdk/core": "1.15.0",
        "@aws-cdk/cx-api": "1.15.0"
      }
    },
    "@aws-cdk/core": {
      "version": "1.15.0",
      "resolved": "https://registry.npmjs.org/@aws-cdk/core/-/core-1.15.0.tgz",
      "integrity": "sha512-3AIuxumb+6VAowGpSUc6s84WVJYHV1lVjECJWlvzvQP2ObPKq46HzoUnBoGKEf2IlG3l7zr2q1spFHRO+fmaZQ==",
      "requires": {
        "@aws-cdk/cx-api": "1.15.0"
      }
    },
    "@aws-cdk/cx-api": {
      "version": "1.15.0",
      "resolved": "https://registry.npmjs.org/@aws-cdk/cx-api/-/cx-api-1.15.0.tgz",
      "integrity": "sha512-VSR+OQ7x/mMiyXgiqREraSGs00v9W/h2jXW1jCIxfcWTBWAEAVvRE5dsR8CHf6NyH/+6pq5YN6rUzEpwyd2UCA==",
      "requires": {
        "semver": "^6.3.0"
      },
      "dependencies": {
        "semver": {
          "version": "6.3.0",
          "bundled": true
        }
      }
    },
    "@aws-cdk/region-info": {
      "version": "1.15.0",
      "resolved": "https://registry.npmjs.org/@aws-cdk/region-info/-/region-info-1.15.0.tgz",
      "integrity": "sha512-mpWoUTbJd80uZ0sPoxdK3W4heyra8nO5Q6FrXtLPjvubCik/wCoLRpkZtb5bJdX/c582o8onscT1OFFAyF/8YA=="
    },
    "@aws-crypto/crc32": {
      "version": "0.1.0-preview.2",
      "resolved": "https://registry.npmjs.org/@aws-crypto/crc32/-/crc32-0.1.0-preview.2.tgz",
      "integrity": "sha512-XtGVJZhBUAWYG1IdpbXviDNjBJqogPVGi7k4xLZoj4FZQ3GKNhSSiaJrBKRGMh0ixd/o/yxKR1Cf0I0y1gPN2A==",
      "dev": true,
      "requires": {
        "tslib": "^1.9.3"
      }
    },
    "@aws-sdk/eventstream-marshaller": {
      "version": "0.1.0-preview.2",
      "resolved": "https://registry.npmjs.org/@aws-sdk/eventstream-marshaller/-/eventstream-marshaller-0.1.0-preview.2.tgz",
      "integrity": "sha512-StNivqLMGk+6Blp7eBYgLvidD9HEhthzNz7dBBAQPELx3Nd3imodzSvckDw5ZkuWt6ViP+aAl8HgQvJmD71M5Q==",
      "dev": true,
      "requires": {
        "@aws-crypto/crc32": "^0.1.0-preview.1",
        "@aws-sdk/types": "^0.1.0-preview.1",
        "@aws-sdk/util-hex-encoding": "^0.1.0-preview.1",
        "tslib": "^1.8.0"
      }
    },
    "@aws-sdk/is-array-buffer": {
      "version": "0.1.0-preview.1",
      "resolved": "https://registry.npmjs.org/@aws-sdk/is-array-buffer/-/is-array-buffer-0.1.0-preview.1.tgz",
      "integrity": "sha512-9Qrr9w6sNX19N0eO7JBYjp86OPcOyjDPe580L5ISDKo7XfuzK20IC2TeGTZ77okhRTsm8rF5UgP9scBu59jwoA==",
      "dev": true,
      "requires": {
        "tslib": "^1.8.0"
      }
    },
    "@aws-sdk/types": {
      "version": "0.1.0-preview.1",
      "resolved": "https://registry.npmjs.org/@aws-sdk/types/-/types-0.1.0-preview.1.tgz",
      "integrity": "sha512-CcZpxyN2G0I7+Jyj0om3LafYX7d30JWJAAQ+53Ysjau7jyL/xLMMkLZgniQPV8BMV7uKLXyf4hwu8JSs0Ejb+w==",
      "dev": true
    },
    "@aws-sdk/util-buffer-from": {
      "version": "0.1.0-preview.1",
      "resolved": "https://registry.npmjs.org/@aws-sdk/util-buffer-from/-/util-buffer-from-0.1.0-preview.1.tgz",
      "integrity": "sha512-i46iuFQA05+92L/epK7befgoxw6DM38LnaHjHNxRoJeIYUllZvpJst74FRCJ5UvVOaMDvHO3woWG+dY8/KVABw==",
      "dev": true,
      "requires": {
        "@aws-sdk/is-array-buffer": "^0.1.0-preview.1",
        "tslib": "^1.8.0"
      }
    },
    "@aws-sdk/util-hex-encoding": {
      "version": "0.1.0-preview.1",
      "resolved": "https://registry.npmjs.org/@aws-sdk/util-hex-encoding/-/util-hex-encoding-0.1.0-preview.1.tgz",
      "integrity": "sha512-97ZMVcJpIXwOQN2RntPimav6G5iod/QHEbqGrmaECXyjXzSrexKHRYjpQAtmJ7geZTMsofoRSdj3qZCymjn7Uw==",
      "dev": true,
      "requires": {
        "tslib": "^1.8.0"
      }
    },
    "@aws-sdk/util-utf8-node": {
      "version": "0.1.0-preview.1",
      "resolved": "https://registry.npmjs.org/@aws-sdk/util-utf8-node/-/util-utf8-node-0.1.0-preview.1.tgz",
      "integrity": "sha512-PSUsSJ0nnMPS389f0R3kIVR0BElnEb22Ofj40iO5HCtw9gZ1ot+enFdbOmW4m1e5+ED9U/Hqxqc7QhFWWF4NUQ==",
      "dev": true,
      "requires": {
        "@aws-sdk/util-buffer-from": "^0.1.0-preview.1",
        "tslib": "^1.8.0"
      }
    },
    "@types/aws-lambda": {
      "version": "8.10.31",
      "resolved": "https://registry.npmjs.org/@types/aws-lambda/-/aws-lambda-8.10.31.tgz",
      "integrity": "sha512-xcmOvzVILQoex1oR+vjKnBP3OJn+g92r3yVzeTSmRgLQwBvSOghRPRSx3rVMQivLzAIR6atxlVu3AV9bxc/hQw==",
      "dev": true
    },
    "@types/events": {
      "version": "3.0.0",
      "resolved": "https://registry.npmjs.org/@types/events/-/events-3.0.0.tgz",
      "integrity": "sha512-EaObqwIvayI5a8dCzhFrjKzVwKLxjoG9T6Ppd5CEo07LRKfQ8Yokw54r5+Wq7FaBQ+yXRvQAYPrHwya1/UFt9g==",
      "dev": true
    },
    "@types/glob": {
      "version": "7.1.1",
      "resolved": "https://registry.npmjs.org/@types/glob/-/glob-7.1.1.tgz",
      "integrity": "sha512-1Bh06cbWJUHMC97acuD6UMG29nMt0Aqz1vF3guLfG+kHHJhy3AyohZFFxYk2f7Q1SQIrNwvncxAE0N/9s70F2w==",
      "dev": true,
      "requires": {
        "@types/events": "*",
        "@types/minimatch": "*",
        "@types/node": "*"
      }
    },
    "@types/lodash": {
      "version": "4.14.138",
      "resolved": "https://registry.npmjs.org/@types/lodash/-/lodash-4.14.138.tgz",
      "integrity": "sha512-A4uJgHz4hakwNBdHNPdxOTkYmXNgmUAKLbXZ7PKGslgeV0Mb8P3BlbYfPovExek1qnod4pDfRbxuzcVs3dlFLg==",
      "dev": true
    },
    "@types/minimatch": {
      "version": "3.0.3",
      "resolved": "https://registry.npmjs.org/@types/minimatch/-/minimatch-3.0.3.tgz",
      "integrity": "sha512-tHq6qdbT9U1IRSGf14CL0pUlULksvY9OZ+5eEgl1N7t+OA3tGvNpxJCzuKQlsNgCVwbAs670L1vcVQi8j9HjnA==",
      "dev": true
    },
    "@types/node": {
      "version": "12.7.4",
      "resolved": "https://registry.npmjs.org/@types/node/-/node-12.7.4.tgz",
      "integrity": "sha512-W0+n1Y+gK/8G2P/piTkBBN38Qc5Q1ZSO6B5H3QmPCUewaiXOo2GCAWZ4ElZCcNhjJuBSUSLGFUJnmlCn5+nxOQ==",
      "dev": true
    },
    "@types/shelljs": {
      "version": "0.8.5",
      "resolved": "https://registry.npmjs.org/@types/shelljs/-/shelljs-0.8.5.tgz",
      "integrity": "sha512-bZgjwIWu9gHCjirKJoOlLzGi5N0QgZ5t7EXEuoqyWCHTuSddURXo3FOBYDyRPNOWzZ6NbkLvZnVkn483Y/tvcQ==",
      "dev": true,
      "requires": {
        "@types/glob": "*",
        "@types/node": "*"
      }
    },
    "@types/zen-observable": {
      "version": "0.5.4",
      "resolved": "https://registry.npmjs.org/@types/zen-observable/-/zen-observable-0.5.4.tgz",
      "integrity": "sha512-sW6xN96wUak4tgc89d0tbTg7QDGYhGv5hvQIS6h4mRCd8h2btiZ80loPU8cyLwsBbA4ZeQt0FjvUhJ4rNhdsGg==",
      "dev": true
    },
    "amazon-cognito-identity-js": {
      "version": "3.2.0",
      "resolved": "https://registry.npmjs.org/amazon-cognito-identity-js/-/amazon-cognito-identity-js-3.2.0.tgz",
      "integrity": "sha512-JAvKVW8lVCaOFl6H3NpQrwjIsg/6nbKMXwaPATmpbRkS0aVCTjluijsg3jANBKcBByscU5eIyh8l4Vc1+gmRyw==",
      "dev": true,
      "requires": {
        "buffer": "4.9.1",
        "crypto-js": "^3.1.9-1",
        "js-cookie": "^2.1.4"
      },
      "dependencies": {
        "buffer": {
          "version": "4.9.1",
          "resolved": "https://registry.npmjs.org/buffer/-/buffer-4.9.1.tgz",
          "integrity": "sha1-bRu2AbB6TvztlwlBMgkwJ8lbwpg=",
          "dev": true,
          "requires": {
            "base64-js": "^1.0.2",
            "ieee754": "^1.1.4",
            "isarray": "^1.0.0"
          }
        }
      }
    },
    "arg": {
      "version": "4.1.1",
      "resolved": "https://registry.npmjs.org/arg/-/arg-4.1.1.tgz",
      "integrity": "sha512-SlmP3fEA88MBv0PypnXZ8ZfJhwmDeIE3SP71j37AiXQBXYosPV0x6uISAaHYSlSVhmHOVkomen0tbGk6Anlebw==",
      "dev": true
    },
    "aws-amplify": {
      "version": "1.2.4",
      "resolved": "https://registry.npmjs.org/aws-amplify/-/aws-amplify-1.2.4.tgz",
      "integrity": "sha512-HTmjzSVm2B5K6u+dcMmb61fpVJGwJMiVqHx0zNGI1mpzRp/m0TwlY/6f63DNPvhfE5FV0Ze8vSHXpne3VEh5YQ==",
      "dev": true,
      "requires": {
        "@aws-amplify/analytics": "^1.3.4",
        "@aws-amplify/api": "^1.2.4",
        "@aws-amplify/auth": "^1.5.0",
        "@aws-amplify/cache": "^1.1.4",
        "@aws-amplify/core": "^1.2.4",
        "@aws-amplify/interactions": "^1.1.4",
        "@aws-amplify/predictions": "^1.1.4",
        "@aws-amplify/pubsub": "^1.2.4",
        "@aws-amplify/storage": "^1.2.4",
        "@aws-amplify/ui": "^1.1.3",
        "@aws-amplify/xr": "^0.2.4"
      }
    },
    "aws-cdk": {
      "version": "1.174.0",
      "resolved": "https://registry.npmjs.org/aws-cdk/-/aws-cdk-1.174.0.tgz",
      "integrity": "sha512-cAnJ1vx8p0sFoHR5IP4YKd4l3lN7s9Y7+umwb4eNgWr+XSgUbuYiJgS/FD57hIbHN1uoBih3QAE0RA62LVJSFw==",
      "dev": true,
      "requires": {
        "fsevents": "2.3.2"
      }
    },
    "aws-lambda": {
      "version": "0.1.2",
      "resolved": "https://registry.npmjs.org/aws-lambda/-/aws-lambda-0.1.2.tgz",
      "integrity": "sha1-GbFYUHXfMWeVl7l2pfHe9h8SzO4=",
      "requires": {
        "aws-sdk": "^*",
        "commander": "^2.5.0",
        "dotenv": "^0.4.0"
      }
    },
    "aws-sdk": {
      "version": "2.523.0",
      "resolved": "https://registry.npmjs.org/aws-sdk/-/aws-sdk-2.523.0.tgz",
      "integrity": "sha512-x6Bam0TSG5wnn1QaBUj+Cg4Tde+xyHe35V/G58bXyhwybhrTl2ffBBFeMnO1jvmHa9aEN9p3FV2jn43e2vouZg==",
      "requires": {
        "buffer": "4.9.1",
        "events": "1.1.1",
        "ieee754": "1.1.8",
        "jmespath": "0.15.0",
        "querystring": "0.2.0",
        "sax": "1.2.1",
        "url": "0.10.3",
        "uuid": "3.3.2",
        "xml2js": "0.4.19"
      },
      "dependencies": {
        "buffer": {
          "version": "4.9.1",
          "resolved": "https://registry.npmjs.org/buffer/-/buffer-4.9.1.tgz",
          "integrity": "sha1-bRu2AbB6TvztlwlBMgkwJ8lbwpg=",
          "requires": {
            "base64-js": "^1.0.2",
            "ieee754": "^1.1.4",
            "isarray": "^1.0.0"
          }
        },
        "ieee754": {
          "version": "1.1.8",
          "resolved": "https://registry.npmjs.org/ieee754/-/ieee754-1.1.8.tgz",
          "integrity": "sha1-vjPUCsEO8ZJnAfbwii2G+/0a0+Q="
        }
      }
    },
    "axios": {
      "version": "0.19.0",
      "resolved": "https://registry.npmjs.org/axios/-/axios-0.19.0.tgz",
      "integrity": "sha512-1uvKqKQta3KBxIz14F2v06AEHZ/dIoeKfbTRkK1E5oqjDnuEerLmYTgJB5AiQZHJcljpg1TuRzdjDR06qNk0DQ==",
      "dev": true,
      "requires": {
        "follow-redirects": "1.5.10",
        "is-buffer": "^2.0.2"
      },
      "dependencies": {
        "is-buffer": {
          "version": "2.0.4",
          "resolved": "https://registry.npmjs.org/is-buffer/-/is-buffer-2.0.4.tgz",
          "integrity": "sha512-Kq1rokWXOPXWuaMAqZiJW4XxsmD9zGx9q4aePabbn3qCRGedtH7Cm+zV8WETitMfu1wdh+Rvd6w5egwSngUX2A==",
          "dev": true
        }
      }
    },
    "balanced-match": {
      "version": "1.0.0",
      "resolved": "https://registry.npmjs.org/balanced-match/-/balanced-match-1.0.0.tgz",
      "integrity": "sha1-ibTRmasr7kneFk6gK4nORi1xt2c="
    },
    "base64-js": {
      "version": "1.3.1",
      "resolved": "https://registry.npmjs.org/base64-js/-/base64-js-1.3.1.tgz",
      "integrity": "sha512-mLQ4i2QO1ytvGWFWmcngKO//JXAQueZvwEKtjgQFM4jIK0kU+ytMfplL8j+n5mspOfjHwoAg+9yhb7BwAHm36g=="
    },
    "brace-expansion": {
      "version": "1.1.11",
      "resolved": "https://registry.npmjs.org/brace-expansion/-/brace-expansion-1.1.11.tgz",
      "integrity": "sha512-iCuPHDFgrHX7H2vEI/5xpz07zSHB00TpugqhmYtVmMO6518mCuRMoOYFldEBl0g187ufozdaHgWKcYFb61qGiA==",
      "requires": {
        "balanced-match": "^1.0.0",
        "concat-map": "0.0.1"
      }
    },
    "buffer-from": {
      "version": "1.1.1",
      "resolved": "https://registry.npmjs.org/buffer-from/-/buffer-from-1.1.1.tgz",
      "integrity": "sha512-MQcXEUbCKtEo7bhqEs6560Hyd4XaovZlO/k9V3hjVUF/zwW7KBVdSK4gIt/bzwS9MbR5qob+F5jusZsb0YQK2A=="
    },
    "commander": {
      "version": "2.20.0",
      "resolved": "https://registry.npmjs.org/commander/-/commander-2.20.0.tgz",
      "integrity": "sha512-7j2y+40w61zy6YC2iRNpUe/NwhNyoXrYpHMrSunaMG64nRnaf96zO/KMQR4OyN/UnE5KLyEBnKHd4aG3rskjpQ=="
    },
    "concat-map": {
      "version": "0.0.1",
      "resolved": "https://registry.npmjs.org/concat-map/-/concat-map-0.0.1.tgz",
      "integrity": "sha1-2Klr13/Wjfd5OnMDajug1UBdR3s="
    },
    "crypto-js": {
      "version": "3.1.9-1",
      "resolved": "https://registry.npmjs.org/crypto-js/-/crypto-js-3.1.9-1.tgz",
      "integrity": "sha1-/aGedh/Ad+Af+/3G6f38WeiAbNg=",
      "dev": true
    },
    "diff": {
      "version": "4.0.1",
      "resolved": "https://registry.npmjs.org/diff/-/diff-4.0.1.tgz",
      "integrity": "sha512-s2+XdvhPCOF01LRQBC8hf4vhbVmI2CGS5aZnxLJlT5FtdhPCDFq80q++zK2KlrVorVDdL5BOGZ/VfLrVtYNF+Q==",
      "dev": true
    },
    "dotenv": {
      "version": "0.4.0",
      "resolved": "https://registry.npmjs.org/dotenv/-/dotenv-0.4.0.tgz",
      "integrity": "sha1-9vs1E2PC2SIHJFxzeALJq1rhSVo="
    },
    "events": {
      "version": "1.1.1",
      "resolved": "https://registry.npmjs.org/events/-/events-1.1.1.tgz",
      "integrity": "sha1-nr23Y1rQmccNzEwqH1AEKI6L2SQ="
    },
    "follow-redirects": {
      "version": "1.5.10",
      "resolved": "https://registry.npmjs.org/follow-redirects/-/follow-redirects-1.5.10.tgz",
      "integrity": "sha512-0V5l4Cizzvqt5D44aTXbFZz+FtyXV1vrDN6qrelxtfYQKW0KO0W2T/hkE8xvGa/540LkZlkaUjO4ailYTFtHVQ==",
      "dev": true,
      "requires": {
        "debug": "=3.1.0"
      },
      "dependencies": {
        "debug": {
          "version": "3.1.0",
          "resolved": "https://registry.npmjs.org/debug/-/debug-3.1.0.tgz",
          "integrity": "sha512-OX8XqP7/1a9cqkxYw2yXss15f26NKWBpDXQd0/uK/KPqdQhxbPa994hnzjcE2VqQpDslf55723cKPUOGSmMY3g==",
          "dev": true,
          "requires": {
            "ms": "2.0.0"
          }
        },
        "ms": {
          "version": "2.0.0",
          "resolved": "https://registry.npmjs.org/ms/-/ms-2.0.0.tgz",
          "integrity": "sha1-VgiurfwAvmwpAd9fmGF4jeDVl8g=",
          "dev": true
        }
      }
    },
    "fs.realpath": {
      "version": "1.0.0",
      "resolved": "https://registry.npmjs.org/fs.realpath/-/fs.realpath-1.0.0.tgz",
      "integrity": "sha1-FQStJSMVjKpA20onh8sBQRmU6k8="
    },
    "fsevents": {
      "version": "2.3.2",
      "resolved": "https://registry.npmjs.org/fsevents/-/fsevents-2.3.2.tgz",
      "integrity": "sha512-xiqMQR4xAeHTuB9uWm+fFRcIOgKBMiOBP+eXiyT7jsgVCq1bkVygt00oASowB7EdtpOHaaPgKt812P9ab+DDKA==",
      "dev": true,
      "optional": true
    },
    "glob": {
      "version": "7.1.4",
      "resolved": "https://registry.npmjs.org/glob/-/glob-7.1.4.tgz",
      "integrity": "sha512-hkLPepehmnKk41pUGm3sYxoFs/umurYfYJCerbXEyFIWcAzvpipAgVkBqqT9RBKMGjnq6kMuyYwha6csxbiM1A==",
      "requires": {
        "fs.realpath": "^1.0.0",
        "inflight": "^1.0.4",
        "inherits": "2",
        "minimatch": "^3.0.4",
        "once": "^1.3.0",
        "path-is-absolute": "^1.0.0"
      }
    },
    "graphql": {
      "version": "14.0.0",
      "resolved": "https://registry.npmjs.org/graphql/-/graphql-14.0.0.tgz",
      "integrity": "sha512-HGVcnO6B25YZcSt6ZsH6/N+XkYuPA7yMqJmlJ4JWxWlS4Tr8SHI56R1Ocs8Eor7V7joEZPRXPDH8RRdll1w44Q==",
      "dev": true,
      "requires": {
        "iterall": "^1.2.2"
      }
    },
    "ieee754": {
      "version": "1.1.13",
      "resolved": "https://registry.npmjs.org/ieee754/-/ieee754-1.1.13.tgz",
      "integrity": "sha512-4vf7I2LYV/HaWerSo3XmlMkp5eZ83i+/CDluXi/IGTs/O1sejBNhTtnxzmRZfvOUqj7lZjqHkeTvpgSFDlWZTg==",
      "dev": true
    },
    "inflight": {
      "version": "1.0.6",
      "resolved": "https://registry.npmjs.org/inflight/-/inflight-1.0.6.tgz",
      "integrity": "sha1-Sb1jMdfQLQwJvJEKEHW6gWW1bfk=",
      "requires": {
        "once": "^1.3.0",
        "wrappy": "1"
      }
    },
    "inherits": {
      "version": "2.0.4",
      "resolved": "https://registry.npmjs.org/inherits/-/inherits-2.0.4.tgz",
      "integrity": "sha512-k/vGaX4/Yla3WzyMCvTQOXYeIHvqOKtnqBduzTHpzpQZzAskKMhZ2K+EnBiSM9zGSoIFeMpXKxa4dYeZIQqewQ=="
    },
    "interpret": {
      "version": "1.2.0",
      "resolved": "https://registry.npmjs.org/interpret/-/interpret-1.2.0.tgz",
      "integrity": "sha512-mT34yGKMNceBQUoVn7iCDKDntA7SC6gycMAWzGx1z/CMCTV7b2AAtXlo3nRyHZ1FelRkQbQjprHSYGwzLtkVbw=="
    },
    "isarray": {
      "version": "1.0.0",
      "resolved": "https://registry.npmjs.org/isarray/-/isarray-1.0.0.tgz",
      "integrity": "sha1-u5NdSFgsuhaMBoNJV6VKPgcSTxE="
    },
    "iterall": {
      "version": "1.2.2",
      "resolved": "https://registry.npmjs.org/iterall/-/iterall-1.2.2.tgz",
      "integrity": "sha512-yynBb1g+RFUPY64fTrFv7nsjRrENBQJaX2UL+2Szc9REFrSNm1rpSXHGzhmAy7a9uv3vlvgBlXnf9RqmPH1/DA==",
      "dev": true
    },
    "jmespath": {
      "version": "0.15.0",
      "resolved": "https://registry.npmjs.org/jmespath/-/jmespath-0.15.0.tgz",
      "integrity": "sha1-o/Iiqarp+Wb10nx5ZRDigJF2Qhc="
    },
    "js-cookie": {
      "version": "2.2.1",
      "resolved": "https://registry.npmjs.org/js-cookie/-/js-cookie-2.2.1.tgz",
      "integrity": "sha512-HvdH2LzI/EAZcUwA8+0nKNtWHqS+ZmijLA30RwZA0bo7ToCckjK5MkGhjED9KoRcXO6BaGI3I9UIzSA1FKFPOQ==",
      "dev": true
    },
    "lodash": {
      "version": "4.17.15",
      "resolved": "https://registry.npmjs.org/lodash/-/lodash-4.17.15.tgz",
      "integrity": "sha512-8xOcRHvCjnocdS5cpwXQXVzmmh5e5+saE2QGoeQmbKmRS6J3VQppPOIt0MnmE+4xlZoumy0GPG0D0MVIQbNA1A=="
    },
    "make-error": {
      "version": "1.3.5",
      "resolved": "https://registry.npmjs.org/make-error/-/make-error-1.3.5.tgz",
      "integrity": "sha512-c3sIjNUow0+8swNwVpqoH4YCShKNFkMaw6oH1mNS2haDZQqkeZFlHS3dhoeEbKKmJB4vXpJucU6oH75aDYeE9g==",
      "dev": true
    },
    "minimatch": {
      "version": "3.0.4",
      "resolved": "https://registry.npmjs.org/minimatch/-/minimatch-3.0.4.tgz",
      "integrity": "sha512-yJHVQEhyqPLUTgt9B83PXu6W3rx4MvvHvSUvToogpwoGDOUQ+yDrR0HRot+yOCdCO7u4hX3pWft6kWBBcqh0UA==",
      "requires": {
        "brace-expansion": "^1.1.7"
      }
    },
    "moment": {
      "version": "2.24.0",
      "resolved": "https://registry.npmjs.org/moment/-/moment-2.24.0.tgz",
      "integrity": "sha512-bV7f+6l2QigeBBZSM/6yTNq4P2fNpSWj/0e7jQcy87A8e7o2nAfP/34/2ky5Vw4B9S446EtIhodAzkFCcR4dQg==",
      "dev": true
    },
    "once": {
      "version": "1.4.0",
      "resolved": "https://registry.npmjs.org/once/-/once-1.4.0.tgz",
      "integrity": "sha1-WDsap3WWHUsROsF9nFC6753Xa9E=",
      "requires": {
        "wrappy": "1"
      }
    },
    "paho-mqtt": {
      "version": "1.1.0",
      "resolved": "https://registry.npmjs.org/paho-mqtt/-/paho-mqtt-1.1.0.tgz",
      "integrity": "sha512-KPbL9KAB0ASvhSDbOrZBaccXS+/s7/LIofbPyERww8hM5Ko71GUJQ6Nmg0BWqj8phAIT8zdf/Sd/RftHU9i2HA==",
      "dev": true
    },
    "path-is-absolute": {
      "version": "1.0.1",
      "resolved": "https://registry.npmjs.org/path-is-absolute/-/path-is-absolute-1.0.1.tgz",
      "integrity": "sha1-F0uSaHNVNP+8es5r9TpanhtcX18="
    },
    "path-parse": {
      "version": "1.0.6",
      "resolved": "https://registry.npmjs.org/path-parse/-/path-parse-1.0.6.tgz",
      "integrity": "sha512-GSmOT2EbHrINBf9SR7CDELwlJ8AENk3Qn7OikK4nFYAu3Ote2+JYNVvkpAEQm3/TLNEJFD/xZJjzyxg3KBWOzw=="
    },
    "querystring": {
      "version": "0.2.0",
      "resolved": "https://registry.npmjs.org/querystring/-/querystring-0.2.0.tgz",
      "integrity": "sha1-sgmEkgO7Jd+CDadW50cAWHhSFiA="
    },
    "rechoir": {
      "version": "0.6.2",
      "resolved": "https://registry.npmjs.org/rechoir/-/rechoir-0.6.2.tgz",
      "integrity": "sha1-hSBLVNuoLVdC4oyWdW70OvUOM4Q=",
      "requires": {
        "resolve": "^1.1.6"
      }
    },
    "resolve": {
      "version": "1.12.0",
      "resolved": "https://registry.npmjs.org/resolve/-/resolve-1.12.0.tgz",
      "integrity": "sha512-B/dOmuoAik5bKcD6s6nXDCjzUKnaDvdkRyAk6rsmsKLipWj4797iothd7jmmUhWTfinVMU+wc56rYKsit2Qy4w==",
      "requires": {
        "path-parse": "^1.0.6"
      }
    },
    "sax": {
      "version": "1.2.1",
      "resolved": "https://registry.npmjs.org/sax/-/sax-1.2.1.tgz",
      "integrity": "sha1-e45lYZCyKOgaZq6nSEgNgozS03o="
    },
    "shelljs": {
      "version": "0.8.3",
      "resolved": "https://registry.npmjs.org/shelljs/-/shelljs-0.8.3.tgz",
      "integrity": "sha512-fc0BKlAWiLpwZljmOvAOTE/gXawtCoNrP5oaY7KIaQbbyHeQVg01pSEuEGvGh3HEdBU4baCD7wQBwADmM/7f7A==",
      "requires": {
        "glob": "^7.0.0",
        "interpret": "^1.0.0",
        "rechoir": "^0.6.2"
      }
    },
    "source-map": {
      "version": "0.6.1",
      "resolved": "https://registry.npmjs.org/source-map/-/source-map-0.6.1.tgz",
      "integrity": "sha512-UjgapumWlbMhkBgzT7Ykc5YXUT46F0iKu8SGXq0bcwP5dz/h0Plj6enJqjz1Zbq2l5WaqYnrVbwWOWMyF3F47g=="
    },
    "source-map-support": {
      "version": "0.5.13",
      "resolved": "https://registry.npmjs.org/source-map-support/-/source-map-support-0.5.13.tgz",
      "integrity": "sha512-SHSKFHadjVA5oR4PPqhtAVdcBWwRYVd6g6cAXnIbRiIwc2EhPrTuKUBdSLvlEKyIP3GCf89fltvcZiP9MMFA1w==",
      "requires": {
        "buffer-from": "^1.0.0",
        "source-map": "^0.6.0"
      }
    },
    "ts-node": {
      "version": "8.3.0",
      "resolved": "https://registry.npmjs.org/ts-node/-/ts-node-8.3.0.tgz",
      "integrity": "sha512-dyNS/RqyVTDcmNM4NIBAeDMpsAdaQ+ojdf0GOLqE6nwJOgzEkdRNzJywhDfwnuvB10oa6NLVG1rUJQCpRN7qoQ==",
      "dev": true,
      "requires": {
        "arg": "^4.1.0",
        "diff": "^4.0.1",
        "make-error": "^1.1.1",
        "source-map-support": "^0.5.6",
        "yn": "^3.0.0"
      }
    },
    "tslib": {
      "version": "1.10.0",
      "resolved": "https://registry.npmjs.org/tslib/-/tslib-1.10.0.tgz",
      "integrity": "sha512-qOebF53frne81cf0S9B41ByenJ3/IuH8yJKngAX35CmiZySA0khhkovshKK+jGCaMnVomla7gVlIcc3EvKPbTQ==",
      "dev": true
    },
    "typescript": {
      "version": "3.6.2",
      "resolved": "https://registry.npmjs.org/typescript/-/typescript-3.6.2.tgz",
      "integrity": "sha512-lmQ4L+J6mnu3xweP8+rOrUwzmN+MRAj7TgtJtDaXE5PMyX2kCrklhg3rvOsOIfNeAWMQWO2F1GPc1kMD2vLAfw==",
      "dev": true
    },
    "url": {
      "version": "0.10.3",
      "resolved": "https://registry.npmjs.org/url/-/url-0.10.3.tgz",
      "integrity": "sha1-Ah5NnHcF8hu/N9A861h2dAJ3TGQ=",
      "requires": {
        "punycode": "1.3.2",
        "querystring": "0.2.0"
      },
      "dependencies": {
        "punycode": {
          "version": "1.3.2",
          "resolved": "https://registry.npmjs.org/punycode/-/punycode-1.3.2.tgz",
          "integrity": "sha1-llOgNvt8HuQjQvIyXM7v6jkmxI0="
        }
      }
    },
    "uuid": {
      "version": "3.3.2",
      "resolved": "https://registry.npmjs.org/uuid/-/uuid-3.3.2.tgz",
      "integrity": "sha512-yXJmeNaw3DnnKAOKJE51sL/ZaYfWJRl1pK9dr19YFCu0ObS231AB1/LbqTKRAQ5kw8A90rA6fr4riOUpTZvQZA=="
    },
    "wrappy": {
      "version": "1.0.2",
      "resolved": "https://registry.npmjs.org/wrappy/-/wrappy-1.0.2.tgz",
      "integrity": "sha1-tSQ9jz7BqjXxNkYFvA0QNuMKtp8="
    },
    "xml2js": {
      "version": "0.4.19",
      "resolved": "https://registry.npmjs.org/xml2js/-/xml2js-0.4.19.tgz",
      "integrity": "sha512-esZnJZJOiJR9wWKMyuvSE1y6Dq5LCuJanqhxslH2bxM6duahNZ+HMpCLhBQGZkbX6xRf8x1Y2eJlgt2q3qo49Q==",
      "requires": {
        "sax": ">=0.6.0",
        "xmlbuilder": "~9.0.1"
      }
    },
    "xmlbuilder": {
      "version": "9.0.7",
      "resolved": "https://registry.npmjs.org/xmlbuilder/-/xmlbuilder-9.0.7.tgz",
      "integrity": "sha1-Ey7mPS7FVlxVfiD0wi35rKaGsQ0="
    },
    "yn": {
      "version": "3.1.1",
      "resolved": "https://registry.npmjs.org/yn/-/yn-3.1.1.tgz",
      "integrity": "sha512-Ux4ygGWsu2c7isFWe8Yu1YluJmqVhxqK2cLXNQA5AcC3QfbGNpM7fu0Y8b/z16pXLnFxZYvWhd3fhBY9DLmC6Q==",
      "dev": true
    },
    "zen-observable": {
      "version": "0.8.14",
      "resolved": "https://registry.npmjs.org/zen-observable/-/zen-observable-0.8.14.tgz",
      "integrity": "sha512-kQz39uonEjEESwh+qCi83kcC3rZJGh4mrZW7xjkSQYXkq//JZHTtKo+6yuVloTgMtzsIWOJrjIrKvk/dqm0L5g==",
      "dev": true
    }
  }
}
